
Microsoft Visual Studio Solution File, Format Version 12.00
# Visual Studio Version 16
VisualStudioVersion = 16.0.31129.286
MinimumVisualStudioVersion = 10.0.40219.1
Project("{FAE04EC0-301F-11D3-BF4B-00C04F79EFBC}") = "Skills", "Skills\Skills.csproj", "{5E727F11-720E-4277-9549-E6CF43463CBC}"
EndProject
Global
	GlobalSection(SolutionConfigurationPlatforms) = preSolution
		Debug|Any CPU = Debug|Any CPU
		Release|Any CPU = Release|Any CPU
	EndGlobalSection
	GlobalSection(ProjectConfigurationPlatforms) = postSolution
		{5E727F11-720E-4277-9549-E6CF43463CBC}.Debug|Any CPU.ActiveCfg = Debug|Any CPU
		{5E727F11-720E-4277-9549-E6CF43463CBC}.Debug|Any CPU.Build.0 = Debug|Any CPU
		{5E727F11-720E-4277-9549-E6CF43463CBC}.Release|Any CPU.ActiveCfg = Release|Any CPU
		{5E727F11-720E-4277-9549-E6CF43463CBC}.Release|Any CPU.Build.0 = Release|Any CPU
	EndGlobalSection
	GlobalSection(SolutionProperties) = preSolution
		HideSolutionNode = FALSE
	EndGlobalSection
	GlobalSection(ExtensibilityGlobals) = postSolution
		SolutionGuid = {DAD962FC-841A-4A23-9C3B-AC7CD1605511}
	EndGlobalSection
EndGlobal
